
Microsoft Visual Studio Solution File, Format Version 12.00
# Visual Studio 2013
VisualStudioVersion = 12.0.21005.1
MinimumVisualStudioVersion = 10.0.40219.1
Project("{FAE04EC0-301F-11D3-BF4B-00C04F79EFBC}") = "CrazyForumSystem", "CrazyForumSystem\CrazyForumSystem.csproj", "{6E72ED5A-94EB-46B6-9F4B-8484D961C09B}"
EndProject
Project("{FAE04EC0-301F-11D3-BF4B-00C04F79EFBC}") = "DAL", "DAL\DAL.csproj", "{6C2D0DAA-5C4D-4726-9529-CA2CC5CE300A}"
EndProject
Project("{FAE04EC0-301F-11D3-BF4B-00C04F79EFBC}") = "Models", "Models\Models.csproj", "{ECED04C3-84C1-49FF-AEBE-4D50572F7C2E}"
EndProject
Global
	GlobalSection(SolutionConfigurationPlatforms) = preSolution
		Debug|Any CPU = Debug|Any CPU
		Release|Any CPU = Release|Any CPU
	EndGlobalSection
	GlobalSection(ProjectConfigurationPlatforms) = postSolution
		{6E72ED5A-94EB-46B6-9F4B-8484D961C09B}.Debug|Any CPU.ActiveCfg = Debug|Any CPU
		{6E72ED5A-94EB-46B6-9F4B-8484D961C09B}.Debug|Any CPU.Build.0 = Debug|Any CPU
		{6E72ED5A-94EB-46B6-9F4B-8484D961C09B}.Release|Any CPU.ActiveCfg = Release|Any CPU
		{6E72ED5A-94EB-46B6-9F4B-8484D961C09B}.Release|Any CPU.Build.0 = Release|Any CPU
		{6C2D0DAA-5C4D-4726-9529-CA2CC5CE300A}.Debug|Any CPU.ActiveCfg = Debug|Any CPU
		{6C2D0DAA-5C4D-4726-9529-CA2CC5CE300A}.Debug|Any CPU.Build.0 = Debug|Any CPU
		{6C2D0DAA-5C4D-4726-9529-CA2CC5CE300A}.Release|Any CPU.ActiveCfg = Release|Any CPU
		{6C2D0DAA-5C4D-4726-9529-CA2CC5CE300A}.Release|Any CPU.Build.0 = Release|Any CPU
		{ECED04C3-84C1-49FF-AEBE-4D50572F7C2E}.Debug|Any CPU.ActiveCfg = Debug|Any CPU
		{ECED04C3-84C1-49FF-AEBE-4D50572F7C2E}.Debug|Any CPU.Build.0 = Debug|Any CPU
		{ECED04C3-84C1-49FF-AEBE-4D50572F7C2E}.Release|Any CPU.ActiveCfg = Release|Any CPU
		{ECED04C3-84C1-49FF-AEBE-4D50572F7C2E}.Release|Any CPU.Build.0 = Release|Any CPU
	EndGlobalSection
	GlobalSection(SolutionProperties) = preSolution
		HideSolutionNode = FALSE
	EndGlobalSection
EndGlobal
